
Microsoft Visual Studio Solution File, Format Version 12.00
# Visual Studio Version 17
VisualStudioVersion = 17.9.34607.119
MinimumVisualStudioVersion = 10.0.40219.1
Project("{2150E333-8FDC-42A3-9474-1A3956D46DE8}") = "src", "src", "{9590978E-73A3-4699-ABCC-EAC6E17EC90A}"
EndProject
Project("{2150E333-8FDC-42A3-9474-1A3956D46DE8}") = "tests", "tests", "{E0C2C8B9-9A8E-4D8A-A41C-6130DF3A5BFB}"
EndProject
Project("{9A19103F-16F7-4668-BE54-9A1E7A4F7556}") = "OwnMoney.Ui", "src\OwnMoney.Ui\OwnMoney.Ui.csproj", "{70C9E5B0-6CD4-4326-9D1D-C6BDF5300411}"
EndProject
Project("{9A19103F-16F7-4668-BE54-9A1E7A4F7556}") = "OwnMoney.Shared", "src\OwnMoney.Shared\OwnMoney.Shared.csproj", "{F87950B5-8BC5-4B74-8802-A59916C9E869}"
EndProject
Project("{9A19103F-16F7-4668-BE54-9A1E7A4F7556}") = "OwnMoney.Orchestrator", "src\OwnMoney.Orchestrator\OwnMoney.Orchestrator.csproj", "{847B3DB5-666C-4B79-8AF8-4DA368E3B9AB}"
EndProject
Project("{2150E333-8FDC-42A3-9474-1A3956D46DE8}") = "OwnMoney.Ui.Modules", "OwnMoney.Ui.Modules", "{2615724F-EDC2-4A80-9417-60F5CBAFF5E8}"
EndProject
Project("{9A19103F-16F7-4668-BE54-9A1E7A4F7556}") = "OwnMoney.Ui.Modules.Dashboards", "src\OwnMoney.Ui.Modules\OwnMoney.Ui.Modules.Dashboards\OwnMoney.Ui.Modules.Dashboards.csproj", "{65CF3F52-5DDE-48A4-B6D4-B2D958306C02}"
EndProject
Project("{9A19103F-16F7-4668-BE54-9A1E7A4F7556}") = "OwnMoney.Ui.Shared", "src\OwnMoney.Ui.Shared\OwnMoney.Ui.Shared.csproj", "{60C95C99-C33D-4A22-9173-1D8EF47F4FDA}"
EndProject
Project("{FAE04EC0-301F-11D3-BF4B-00C04F79EFBC}") = "OwnMoney.Shared.Tests", "tests\OwnMoney.Shared.Tests\OwnMoney.Shared.Tests.csproj", "{36254CEB-6467-4504-8985-E53FC1907B03}"
EndProject
Global
	GlobalSection(SolutionConfigurationPlatforms) = preSolution
		Debug|Any CPU = Debug|Any CPU
		Release|Any CPU = Release|Any CPU
	EndGlobalSection
	GlobalSection(ProjectConfigurationPlatforms) = postSolution
		{70C9E5B0-6CD4-4326-9D1D-C6BDF5300411}.Debug|Any CPU.ActiveCfg = Debug|Any CPU
		{70C9E5B0-6CD4-4326-9D1D-C6BDF5300411}.Debug|Any CPU.Build.0 = Debug|Any CPU
		{70C9E5B0-6CD4-4326-9D1D-C6BDF5300411}.Debug|Any CPU.Deploy.0 = Debug|Any CPU
		{70C9E5B0-6CD4-4326-9D1D-C6BDF5300411}.Release|Any CPU.ActiveCfg = Release|Any CPU
		{70C9E5B0-6CD4-4326-9D1D-C6BDF5300411}.Release|Any CPU.Build.0 = Release|Any CPU
		{70C9E5B0-6CD4-4326-9D1D-C6BDF5300411}.Release|Any CPU.Deploy.0 = Release|Any CPU
		{F87950B5-8BC5-4B74-8802-A59916C9E869}.Debug|Any CPU.ActiveCfg = Debug|Any CPU
		{F87950B5-8BC5-4B74-8802-A59916C9E869}.Debug|Any CPU.Build.0 = Debug|Any CPU
		{F87950B5-8BC5-4B74-8802-A59916C9E869}.Release|Any CPU.ActiveCfg = Release|Any CPU
		{F87950B5-8BC5-4B74-8802-A59916C9E869}.Release|Any CPU.Build.0 = Release|Any CPU
		{847B3DB5-666C-4B79-8AF8-4DA368E3B9AB}.Debug|Any CPU.ActiveCfg = Debug|Any CPU
		{847B3DB5-666C-4B79-8AF8-4DA368E3B9AB}.Debug|Any CPU.Build.0 = Debug|Any CPU
		{847B3DB5-666C-4B79-8AF8-4DA368E3B9AB}.Release|Any CPU.ActiveCfg = Release|Any CPU
		{847B3DB5-666C-4B79-8AF8-4DA368E3B9AB}.Release|Any CPU.Build.0 = Release|Any CPU
		{65CF3F52-5DDE-48A4-B6D4-B2D958306C02}.Debug|Any CPU.ActiveCfg = Debug|Any CPU
		{65CF3F52-5DDE-48A4-B6D4-B2D958306C02}.Debug|Any CPU.Build.0 = Debug|Any CPU
		{65CF3F52-5DDE-48A4-B6D4-B2D958306C02}.Release|Any CPU.ActiveCfg = Release|Any CPU
		{65CF3F52-5DDE-48A4-B6D4-B2D958306C02}.Release|Any CPU.Build.0 = Release|Any CPU
		{60C95C99-C33D-4A22-9173-1D8EF47F4FDA}.Debug|Any CPU.ActiveCfg = Debug|Any CPU
		{60C95C99-C33D-4A22-9173-1D8EF47F4FDA}.Debug|Any CPU.Build.0 = Debug|Any CPU
		{60C95C99-C33D-4A22-9173-1D8EF47F4FDA}.Release|Any CPU.ActiveCfg = Release|Any CPU
		{60C95C99-C33D-4A22-9173-1D8EF47F4FDA}.Release|Any CPU.Build.0 = Release|Any CPU
		{36254CEB-6467-4504-8985-E53FC1907B03}.Debug|Any CPU.ActiveCfg = Debug|Any CPU
		{36254CEB-6467-4504-8985-E53FC1907B03}.Debug|Any CPU.Build.0 = Debug|Any CPU
		{36254CEB-6467-4504-8985-E53FC1907B03}.Release|Any CPU.ActiveCfg = Release|Any CPU
		{36254CEB-6467-4504-8985-E53FC1907B03}.Release|Any CPU.Build.0 = Release|Any CPU
	EndGlobalSection
	GlobalSection(SolutionProperties) = preSolution
		HideSolutionNode = FALSE
	EndGlobalSection
	GlobalSection(NestedProjects) = preSolution
		{70C9E5B0-6CD4-4326-9D1D-C6BDF5300411} = {9590978E-73A3-4699-ABCC-EAC6E17EC90A}
		{F87950B5-8BC5-4B74-8802-A59916C9E869} = {9590978E-73A3-4699-ABCC-EAC6E17EC90A}
		{847B3DB5-666C-4B79-8AF8-4DA368E3B9AB} = {9590978E-73A3-4699-ABCC-EAC6E17EC90A}
		{2615724F-EDC2-4A80-9417-60F5CBAFF5E8} = {9590978E-73A3-4699-ABCC-EAC6E17EC90A}
		{65CF3F52-5DDE-48A4-B6D4-B2D958306C02} = {2615724F-EDC2-4A80-9417-60F5CBAFF5E8}
		{60C95C99-C33D-4A22-9173-1D8EF47F4FDA} = {9590978E-73A3-4699-ABCC-EAC6E17EC90A}
		{36254CEB-6467-4504-8985-E53FC1907B03} = {E0C2C8B9-9A8E-4D8A-A41C-6130DF3A5BFB}
	EndGlobalSection
	GlobalSection(ExtensibilityGlobals) = postSolution
		SolutionGuid = {78623C8A-8B18-472D-AED0-F38D42BD5E3B}
	EndGlobalSection
EndGlobal
